
Microsoft Visual Studio Solution File, Format Version 12.00
# Visual Studio Version 17
VisualStudioVersion = 17.1.32319.34
MinimumVisualStudioVersion = 10.0.40219.1
Project("{FAE04EC0-301F-11D3-BF4B-00C04F79EFBC}") = "backend-challenge", "backend-challenge\backend-challenge.csproj", "{724E0092-881B-45FC-89CC-02611D639679}"
EndProject
Global
	GlobalSection(SolutionConfigurationPlatforms) = preSolution
		Debug|Any CPU = Debug|Any CPU
		Release|Any CPU = Release|Any CPU
	EndGlobalSection
	GlobalSection(ProjectConfigurationPlatforms) = postSolution
		{724E0092-881B-45FC-89CC-02611D639679}.Debug|Any CPU.ActiveCfg = Debug|Any CPU
		{724E0092-881B-45FC-89CC-02611D639679}.Debug|Any CPU.Build.0 = Debug|Any CPU
		{724E0092-881B-45FC-89CC-02611D639679}.Release|Any CPU.ActiveCfg = Release|Any CPU
		{724E0092-881B-45FC-89CC-02611D639679}.Release|Any CPU.Build.0 = Release|Any CPU
	EndGlobalSection
	GlobalSection(SolutionProperties) = preSolution
		HideSolutionNode = FALSE
	EndGlobalSection
	GlobalSection(ExtensibilityGlobals) = postSolution
		SolutionGuid = {8A6CEFE4-0794-4F15-B1C6-288CB358244C}
	EndGlobalSection
EndGlobal
